
Microsoft Visual Studio Solution File, Format Version 12.00
# Visual Studio Version 17
VisualStudioVersion = 17.5.002.0
MinimumVisualStudioVersion = 10.0.40219.1
Project("{9A19103F-16F7-4668-BE54-9A1E7A4F7556}") = "pattern1", "pattern1.csproj", "{B0D1EA0C-11CD-448C-9961-A710994DC05A}"
EndProject
Global
	GlobalSection(SolutionConfigurationPlatforms) = preSolution
		Debug|Any CPU = Debug|Any CPU
		Release|Any CPU = Release|Any CPU
	EndGlobalSection
	GlobalSection(ProjectConfigurationPlatforms) = postSolution
		{B0D1EA0C-11CD-448C-9961-A710994DC05A}.Debug|Any CPU.ActiveCfg = Debug|Any CPU
		{B0D1EA0C-11CD-448C-9961-A710994DC05A}.Debug|Any CPU.Build.0 = Debug|Any CPU
		{B0D1EA0C-11CD-448C-9961-A710994DC05A}.Release|Any CPU.ActiveCfg = Release|Any CPU
		{B0D1EA0C-11CD-448C-9961-A710994DC05A}.Release|Any CPU.Build.0 = Release|Any CPU
	EndGlobalSection
	GlobalSection(SolutionProperties) = preSolution
		HideSolutionNode = FALSE
	EndGlobalSection
	GlobalSection(ExtensibilityGlobals) = postSolution
		SolutionGuid = {6C547094-872E-4161-A45C-EC8AC2C42568}
	EndGlobalSection
EndGlobal
